
Microsoft Visual Studio Solution File, Format Version 12.00
# Visual Studio Version 17
VisualStudioVersion = 17.11.35312.102
MinimumVisualStudioVersion = 10.0.40219.1
Project("{888888A0-9F3D-457C-B088-3A5042F75D52}") = "module_10_4", "module_10_4.pyproj", "{7362D892-4B3B-415F-B853-3B2FFF84DA65}"
EndProject
Global
	GlobalSection(SolutionConfigurationPlatforms) = preSolution
		Debug|Any CPU = Debug|Any CPU
		Release|Any CPU = Release|Any CPU
	EndGlobalSection
	GlobalSection(ProjectConfigurationPlatforms) = postSolution
		{7362D892-4B3B-415F-B853-3B2FFF84DA65}.Debug|Any CPU.ActiveCfg = Debug|Any CPU
		{7362D892-4B3B-415F-B853-3B2FFF84DA65}.Release|Any CPU.ActiveCfg = Release|Any CPU
	EndGlobalSection
	GlobalSection(SolutionProperties) = preSolution
		HideSolutionNode = FALSE
	EndGlobalSection
	GlobalSection(ExtensibilityGlobals) = postSolution
		SolutionGuid = {D305EE7C-8619-4D85-8456-CD369870FE12}
	EndGlobalSection
EndGlobal
